{
  "nodes": {
    "nixpkgs": {
      "locked": {
        "lastModified": 1644717798,
        "narHash": "sha256-WcDd6pLkQ09NLbIosFsMRFIzq86cNIA+Dz13bzk1+go=",
        "owner": "NixOS",
        "repo": "nixpkgs",
        "rev": "d602a03e9d023c06bb9beaf432ba4c2b860c589d",
        "type": "github"
      },
      "original": {
        "id": "nixpkgs",
        "type": "indirect"
      }
    },
    "root": {
      "inputs": {
        "nixpkgs": "nixpkgs"
      }
    }
  },
  "root": "root",
  "version": 7
}
